
Microsoft Visual Studio Solution File, Format Version 12.00
# Visual Studio Version 17
VisualStudioVersion = 17.0.31903.59
MinimumVisualStudioVersion = 10.0.40219.1
Project("{FAE04EC0-301F-11D3-BF4B-00C04F79EFBC}") = "UserManagement.API", "Source\UserManagement.API\UserManagement.API.csproj", "{0AB49B26-9E05-4A22-B628-C817F06D4803}"
EndProject
Project("{FAE04EC0-301F-11D3-BF4B-00C04F79EFBC}") = "ModelLibrary", "Source\ModelLibrary\ModelLibrary.csproj", "{632A9BE0-97F4-4547-878F-677829D248F2}"
EndProject
Global
	GlobalSection(SolutionConfigurationPlatforms) = preSolution
		Debug|Any CPU = Debug|Any CPU
		Release|Any CPU = Release|Any CPU
	EndGlobalSection
	GlobalSection(ProjectConfigurationPlatforms) = postSolution
		{0AB49B26-9E05-4A22-B628-C817F06D4803}.Debug|Any CPU.ActiveCfg = Debug|Any CPU
		{0AB49B26-9E05-4A22-B628-C817F06D4803}.Debug|Any CPU.Build.0 = Debug|Any CPU
		{0AB49B26-9E05-4A22-B628-C817F06D4803}.Release|Any CPU.ActiveCfg = Release|Any CPU
		{0AB49B26-9E05-4A22-B628-C817F06D4803}.Release|Any CPU.Build.0 = Release|Any CPU
		{632A9BE0-97F4-4547-878F-677829D248F2}.Debug|Any CPU.ActiveCfg = Debug|Any CPU
		{632A9BE0-97F4-4547-878F-677829D248F2}.Debug|Any CPU.Build.0 = Debug|Any CPU
		{632A9BE0-97F4-4547-878F-677829D248F2}.Release|Any CPU.ActiveCfg = Release|Any CPU
		{632A9BE0-97F4-4547-878F-677829D248F2}.Release|Any CPU.Build.0 = Release|Any CPU
	EndGlobalSection
	GlobalSection(SolutionProperties) = preSolution
		HideSolutionNode = FALSE
	EndGlobalSection
	GlobalSection(ExtensibilityGlobals) = postSolution
		SolutionGuid = {5242FBC0-DC79-4871-A5AF-2B5F5A3FD323}
	EndGlobalSection
EndGlobal
